// !$*UTF8*$!
{
	archiveVersion = 1;
	classes = {
	};
	objectVersion = 46;
	objects = {

/* Begin PBXBuildFile section */
		286789FC1708A539008C41E5 /* APLOrderController.m in Sources */ = {isa = PBXBuildFile; fileRef = 286789FB1708A539008C41E5 /* APLOrderController.m */; };
		286789FF1708A543008C41E5 /* Localizable.strings in Resources */ = {isa = PBXBuildFile; fileRef = 286789FD1708A543008C41E5 /* Localizable.strings */; };
		286DC9FF1708A3FC001B3686 /* Cocoa.framework in Frameworks */ = {isa = PBXBuildFile; fileRef = 286DC9FE1708A3FC001B3686 /* Cocoa.framework */; };
		286DCA091708A3FC001B3686 /* InfoPlist.strings in Resources */ = {isa = PBXBuildFile; fileRef = 286DCA071708A3FC001B3686 /* InfoPlist.strings */; };
		286DCA0B1708A3FC001B3686 /* main.m in Sources */ = {isa = PBXBuildFile; fileRef = 286DCA0A1708A3FC001B3686 /* main.m */; };
		286DCA151708A3FC001B3686 /* MainMenu.xib in Resources */ = {isa = PBXBuildFile; fileRef = 286DCA131708A3FC001B3686 /* MainMenu.xib */; };
/* End PBXBuildFile section */

/* Begin PBXFileReference section */
		286789F91708A52C008C41E5 /* ReadMe.txt */ = {isa = PBXFileReference; lastKnownFileType = text; path = ReadMe.txt; sourceTree = "<group>"; };
		286789FA1708A539008C41E5 /* APLOrderController.h */ = {isa = PBXFileReference; fileEncoding = 4; lastKnownFileType = sourcecode.c.h; path = APLOrderController.h; sourceTree = "<group>"; };
		286789FB1708A539008C41E5 /* APLOrderController.m */ = {isa = PBXFileReference; fileEncoding = 4; lastKnownFileType = sourcecode.c.objc; path = APLOrderController.m; sourceTree = "<group>"; };
		286789FE1708A543008C41E5 /* en */ = {isa = PBXFileReference; lastKnownFileType = text.plist.strings; name = en; path = en.lproj/Localizable.strings; sourceTree = "<group>"; };
		286DC9FB1708A3FC001B3686 /* BoundButton.app */ = {isa = PBXFileReference; explicitFileType = wrapper.application; includeInIndex = 0; path = BoundButton.app; sourceTree = BUILT_PRODUCTS_DIR; };
		286DC9FE1708A3FC001B3686 /* Cocoa.framework */ = {isa = PBXFileReference; lastKnownFileType = wrapper.framework; name = Cocoa.framework; path = System/Library/Frameworks/Cocoa.framework; sourceTree = SDKROOT; };
		286DCA011708A3FC001B3686 /* AppKit.framework */ = {isa = PBXFileReference; lastKnownFileType = wrapper.framework; name = AppKit.framework; path = System/Library/Frameworks/AppKit.framework; sourceTree = SDKROOT; };
		286DCA021708A3FC001B3686 /* CoreData.framework */ = {isa = PBXFileReference; lastKnownFileType = wrapper.framework; name = CoreData.framework; path = System/Library/Frameworks/CoreData.framework; sourceTree = SDKROOT; };
		286DCA031708A3FC001B3686 /* Foundation.framework */ = {isa = PBXFileReference; lastKnownFileType = wrapper.framework; name = Foundation.framework; path = System/Library/Frameworks/Foundation.framework; sourceTree = SDKROOT; };
		286DCA061708A3FC001B3686 /* BoundButton-Info.plist */ = {isa = PBXFileReference; lastKnownFileType = text.plist.xml; path = "BoundButton-Info.plist"; sourceTree = "<group>"; };
		286DCA081708A3FC001B3686 /* en */ = {isa = PBXFileReference; lastKnownFileType = text.plist.strings; name = en; path = en.lproj/InfoPlist.strings; sourceTree = "<group>"; };
		286DCA0A1708A3FC001B3686 /* main.m */ = {isa = PBXFileReference; lastKnownFileType = sourcecode.c.objc; path = main.m; sourceTree = "<group>"; };
		286DCA0C1708A3FC001B3686 /* BoundButton-Prefix.pch */ = {isa = PBXFileReference; lastKnownFileType = sourcecode.c.h; path = "BoundButton-Prefix.pch"; sourceTree = "<group>"; };
		28BC9DF61708ACF400D5F9BE /* Base */ = {isa = PBXFileReference; lastKnownFileType = file.xib; name = Base; path = Base.lproj/MainMenu.xib; sourceTree = "<group>"; };
/* End PBXFileReference section */

/* Begin PBXFrameworksBuildPhase section */
		286DC9F81708A3FC001B3686 /* Frameworks */ = {
			isa = PBXFrameworksBuildPhase;
			buildActionMask = 2147483647;
			files = (
				286DC9FF1708A3FC001B3686 /* Cocoa.framework in Frameworks */,
			);
			runOnlyForDeploymentPostprocessing = 0;
		};
/* End PBXFrameworksBuildPhase section */

/* Begin PBXGroup section */
		286DC9F21708A3FC001B3686 = {
			isa = PBXGroup;
			children = (
				286789F91708A52C008C41E5 /* ReadMe.txt */,
				286DCA041708A3FC001B3686 /* BoundButton */,
				286DC9FD1708A3FC001B3686 /* Frameworks */,
				286DC9FC1708A3FC001B3686 /* Products */,
			);
			sourceTree = "<group>";
		};
		286DC9FC1708A3FC001B3686 /* Products */ = {
			isa = PBXGroup;
			children = (
				286DC9FB1708A3FC001B3686 /* BoundButton.app */,
			);
			name = Products;
			sourceTree = "<group>";
		};
		286DC9FD1708A3FC001B3686 /* Frameworks */ = {
			isa = PBXGroup;
			children = (
				286DC9FE1708A3FC001B3686 /* Cocoa.framework */,
				286DCA001708A3FC001B3686 /* Other Frameworks */,
			);
			name = Frameworks;
			sourceTree = "<group>";
		};
		286DCA001708A3FC001B3686 /* Other Frameworks */ = {
			isa = PBXGroup;
			children = (
				286DCA011708A3FC001B3686 /* AppKit.framework */,
				286DCA021708A3FC001B3686 /* CoreData.framework */,
				286DCA031708A3FC001B3686 /* Foundation.framework */,
			);
			name = "Other Frameworks";
			sourceTree = "<group>";
		};
		286DCA041708A3FC001B3686 /* BoundButton */ = {
			isa = PBXGroup;
			children = (
				286789FA1708A539008C41E5 /* APLOrderController.h */,
				286789FB1708A539008C41E5 /* APLOrderController.m */,
				286DCA131708A3FC001B3686 /* MainMenu.xib */,
				286DCA051708A3FC001B3686 /* Supporting Files */,
			);
			path = BoundButton;
			sourceTree = "<group>";
		};
		286DCA051708A3FC001B3686 /* Supporting Files */ = {
			isa = PBXGroup;
			children = (
				286789FD1708A543008C41E5 /* Localizable.strings */,
				286DCA061708A3FC001B3686 /* BoundButton-Info.plist */,
				286DCA071708A3FC001B3686 /* InfoPlist.strings */,
				286DCA0A1708A3FC001B3686 /* main.m */,
				286DCA0C1708A3FC001B3686 /* BoundButton-Prefix.pch */,
			);
			name = "Supporting Files";
			sourceTree = "<group>";
		};
/* End PBXGroup section */

/* Begin PBXNativeTarget section */
		286DC9FA1708A3FC001B3686 /* BoundButton */ = {
			isa = PBXNativeTarget;
			buildConfigurationList = 286DCA181708A3FC001B3686 /* Build configuration list for PBXNativeTarget "BoundButton" */;
			buildPhases = (
				286DC9F71708A3FC001B3686 /* Sources */,
				286DC9F81708A3FC001B3686 /* Frameworks */,
				286DC9F91708A3FC001B3686 /* Resources */,
			);
			buildRules = (
			);
			dependencies = (
			);
			name = BoundButton;
			productName = BoundButton;
			productReference = 286DC9FB1708A3FC001B3686 /* BoundButton.app */;
			productType = "com.apple.product-type.application";
		};
/* End PBXNativeTarget section */

/* Begin PBXProject section */
		286DC9F31708A3FC001B3686 /* Project object */ = {
			isa = PBXProject;
			attributes = {
				CLASSPREFIX = APL;
				LastUpgradeCheck = 0460;
				ORGANIZATIONNAME = "Apple Inc.";
			};
			buildConfigurationList = 286DC9F61708A3FC001B3686 /* Build configuration list for PBXProject "BoundButton" */;
			compatibilityVersion = "Xcode 3.2";
			developmentRegion = English;
			hasScannedForEncodings = 0;
			knownRegions = (
				en,
				Base,
			);
			mainGroup = 286DC9F21708A3FC001B3686;
			productRefGroup = 286DC9FC1708A3FC001B3686 /* Products */;
			projectDirPath = "";
			projectRoot = "";
			targets = (
				286DC9FA1708A3FC001B3686 /* BoundButton */,
			);
		};
/* End PBXProject section */

/* Begin PBXResourcesBuildPhase section */
		286DC9F91708A3FC001B3686 /* Resources */ = {
			isa = PBXResourcesBuildPhase;
			buildActionMask = 2147483647;
			files = (
				286DCA091708A3FC001B3686 /* InfoPlist.strings in Resources */,
				286789FF1708A543008C41E5 /* Localizable.strings in Resources */,
				286DCA151708A3FC001B3686 /* MainMenu.xib in Resources */,
			);
			runOnlyForDeploymentPostprocessing = 0;
		};
/* End PBXResourcesBuildPhase section */

/* Begin PBXSourcesBuildPhase section */
		286DC9F71708A3FC001B3686 /* Sources */ = {
			isa = PBXSourcesBuildPhase;
			buildActionMask = 2147483647;
			files = (
				286789FC1708A539008C41E5 /* APLOrderController.m in Sources */,
				286DCA0B1708A3FC001B3686 /* main.m in Sources */,
			);
			runOnlyForDeploymentPostprocessing = 0;
		};
/* End PBXSourcesBuildPhase section */

/* Begin PBXVariantGroup section */
		286789FD1708A543008C41E5 /* Localizable.strings */ = {
			isa = PBXVariantGroup;
			children = (
				286789FE1708A543008C41E5 /* en */,
			);
			name = Localizable.strings;
			sourceTree = "<group>";
		};
		286DCA071708A3FC001B3686 /* InfoPlist.strings */ = {
			isa = PBXVariantGroup;
			children = (
				286DCA081708A3FC001B3686 /* en */,
			);
			name = InfoPlist.strings;
			sourceTree = "<group>";
		};
		286DCA131708A3FC001B3686 /* MainMenu.xib */ = {
			isa = PBXVariantGroup;
			children = (
				28BC9DF61708ACF400D5F9BE /* Base */,
			);
			name = MainMenu.xib;
			sourceTree = "<group>";
		};
/* End PBXVariantGroup section */

/* Begin XCBuildConfiguration section */
		286DCA161708A3FC001B3686 /* Debug */ = {
			isa = XCBuildConfiguration;
			buildSettings = {
				ALWAYS_SEARCH_USER_PATHS = NO;
				ARCHS = "$(ARCHS_STANDARD_64_BIT)";
				CLANG_CXX_LANGUAGE_STANDARD = "gnu++0x";
				CLANG_CXX_LIBRARY = "libc++";
				CLANG_ENABLE_OBJC_ARC = YES;
				CLANG_WARN_CONSTANT_CONVERSION = YES;
				CLANG_WARN_EMPTY_BODY = YES;
				CLANG_WARN_ENUM_CONVERSION = YES;
				CLANG_WARN_INT_CONVERSION = YES;
				CLANG_WARN__DUPLICATE_METHOD_MATCH = YES;
				COPY_PHASE_STRIP = NO;
				GCC_C_LANGUAGE_STANDARD = gnu99;
				GCC_DYNAMIC_NO_PIC = NO;
				GCC_ENABLE_OBJC_EXCEPTIONS = YES;
				GCC_OPTIMIZATION_LEVEL = 0;
				GCC_PREPROCESSOR_DEFINITIONS = (
					"DEBUG=1",
					"$(inherited)",
				);
				GCC_SYMBOLS_PRIVATE_EXTERN = NO;
				GCC_WARN_64_TO_32_BIT_CONVERSION = YES;
				GCC_WARN_ABOUT_RETURN_TYPE = YES;
				GCC_WARN_UNINITIALIZED_AUTOS = YES;
				GCC_WARN_UNUSED_VARIABLE = YES;
				MACOSX_DEPLOYMENT_TARGET = 10.8;
				ONLY_ACTIVE_ARCH = YES;
				SDKROOT = macosx;
			};
			name = Debug;
		};
		286DCA171708A3FC001B3686 /* Release */ = {
			isa = XCBuildConfiguration;
			buildSettings = {
				ALWAYS_SEARCH_USER_PATHS = NO;
				ARCHS = "$(ARCHS_STANDARD_64_BIT)";
				CLANG_CXX_LANGUAGE_STANDARD = "gnu++0x";
				CLANG_CXX_LIBRARY = "libc++";
				CLANG_ENABLE_OBJC_ARC = YES;
				CLANG_WARN_CONSTANT_CONVERSION = YES;
				CLANG_WARN_EMPTY_BODY = YES;
				CLANG_WARN_ENUM_CONVERSION = YES;
				CLANG_WARN_INT_CONVERSION = YES;
				CLANG_WARN__DUPLICATE_METHOD_MATCH = YES;
				COPY_PHASE_STRIP = YES;
				DEBUG_INFORMATION_FORMAT = "dwarf-with-dsym";
				GCC_C_LANGUAGE_STANDARD = gnu99;
				GCC_ENABLE_OBJC_EXCEPTIONS = YES;
				GCC_WARN_64_TO_32_BIT_CONVERSION = YES;
				GCC_WARN_ABOUT_RETURN_TYPE = YES;
				GCC_WARN_UNINITIALIZED_AUTOS = YES;
				GCC_WARN_UNUSED_VARIABLE = YES;
				MACOSX_DEPLOYMENT_TARGET = 10.8;
				SDKROOT = macosx;
			};
			name = Release;
		};
		286DCA191708A3FC001B3686 /* Debug */ = {
			isa = XCBuildConfiguration;
			buildSettings = {
				COMBINE_HIDPI_IMAGES = YES;
				GCC_PRECOMPILE_PREFIX_HEADER = YES;
				GCC_PREFIX_HEADER = "BoundButton/BoundButton-Prefix.pch";
				INFOPLIST_FILE = "BoundButton/BoundButton-Info.plist";
				MACOSX_DEPLOYMENT_TARGET = 10.8;
				PRODUCT_NAME = "$(TARGET_NAME)";
				WRAPPER_EXTENSION = app;
			};
			name = Debug;
		};
		286DCA1A1708A3FC001B3686 /* Release */ = {
			isa = XCBuildConfiguration;
			buildSettings = {
				COMBINE_HIDPI_IMAGES = YES;
				GCC_PRECOMPILE_PREFIX_HEADER = YES;
				GCC_PREFIX_HEADER = "BoundButton/BoundButton-Prefix.pch";
				INFOPLIST_FILE = "BoundButton/BoundButton-Info.plist";
				MACOSX_DEPLOYMENT_TARGET = 10.8;
				PRODUCT_NAME = "$(TARGET_NAME)";
				WRAPPER_EXTENSION = app;
			};
			name = Release;
		};
/* End XCBuildConfiguration section */

/* Begin XCConfigurationList section */
		286DC9F61708A3FC001B3686 /* Build configuration list for PBXProject "BoundButton" */ = {
			isa = XCConfigurationList;
			buildConfigurations = (
				286DCA161708A3FC001B3686 /* Debug */,
				286DCA171708A3FC001B3686 /* Release */,
			);
			defaultConfigurationIsVisible = 0;
			defaultConfigurationName = Release;
		};
		286DCA181708A3FC001B3686 /* Build configuration list for PBXNativeTarget "BoundButton" */ = {
			isa = XCConfigurationList;
			buildConfigurations = (
				286DCA191708A3FC001B3686 /* Debug */,
				286DCA1A1708A3FC001B3686 /* Release */,
			);
			defaultConfigurationIsVisible = 0;
			defaultConfigurationName = Release;
		};
/* End XCConfigurationList section */
	};
	rootObject = 286DC9F31708A3FC001B3686 /* Project object */;
}
